{
  "requires": true,
  "lockfileVersion": 1,
  "dependencies": {
    "@types/jasmine": {
      "version": "3.5.1",
      "resolved": "https://registry.npmjs.org/@types/jasmine/-/jasmine-3.5.1.tgz",
      "integrity": "sha512-5ZxOWKc0AgTeMcYCnV4RxTZZAClWaHKPR6n14LvUj8ywKDhOfI+YgdtNLXiW4kQmtxS3i1HXVbfAot+pqpJE2A==",
      "dev": true
    },
    "@types/node": {
      "version": "13.1.5",
      "resolved": "https://registry.npmjs.org/@types/node/-/node-13.1.5.tgz",
      "integrity": "sha512-wupvfmtbqRJzjCm1H2diy7wo31Gn1OzvqoxCfQuKM9eSecogzP0WTlrjdq7cf7jgSO2ZX6hxwgRPR8Wt7FA22g=="
    },
    "typescript": {
      "version": "3.7.4",
      "resolved": "https://registry.npmjs.org/typescript/-/typescript-3.7.4.tgz",
      "integrity": "sha512-A25xv5XCtarLwXpcDNZzCGvW2D1S3/bACratYBx2sax8PefsFhlYmkQicKHvpYflFS8if4zne5zT5kpJ7pzuvw=="
    }
  }
}
